// !$*UTF8*$!
{
	archiveVersion = 1;
	classes = {
	};
	objectVersion = 55;
	objects = {

/* Begin PBXBuildFile section */
		3105304B2859CA6D00F84D3C /* ChapterCell.swift in Sources */ = {isa = PBXBuildFile; fileRef = 310530492859CA6D00F84D3C /* ChapterCell.swift */; };
		3105304C2859CA6D00F84D3C /* ChapterCell.xib in Resources */ = {isa = PBXBuildFile; fileRef = 3105304A2859CA6D00F84D3C /* ChapterCell.xib */; };
		311A2F1D2859C4F700EC53A1 /* T10-35_Story_Intro.swift in Sources */ = {isa = PBXBuildFile; fileRef = 311A2F1C2859C4F700EC53A1 /* T10-35_Story_Intro.swift */; };
		311A2F1F2859C51400EC53A1 /* T10-35_Story_Intro.storyboard in Resources */ = {isa = PBXBuildFile; fileRef = 311A2F1E2859C51400EC53A1 /* T10-35_Story_Intro.storyboard */; };
		FA2C015E2848F86100F09D9E /* AppDelegate.swift in Sources */ = {isa = PBXBuildFile; fileRef = FA2C015D2848F86100F09D9E /* AppDelegate.swift */; };
		FA2C01602848F86100F09D9E /* SceneDelegate.swift in Sources */ = {isa = PBXBuildFile; fileRef = FA2C015F2848F86100F09D9E /* SceneDelegate.swift */; };
		FA2C01622848F86100F09D9E /* ViewController.swift in Sources */ = {isa = PBXBuildFile; fileRef = FA2C01612848F86100F09D9E /* ViewController.swift */; };
		FA2C01652848F86100F09D9E /* Main.storyboard in Resources */ = {isa = PBXBuildFile; fileRef = FA2C01632848F86100F09D9E /* Main.storyboard */; };
		FA2C01682848F86100F09D9E /* comittea.xcdatamodeld in Sources */ = {isa = PBXBuildFile; fileRef = FA2C01662848F86100F09D9E /* comittea.xcdatamodeld */; };
		FA2C016A2848F86400F09D9E /* Assets.xcassets in Resources */ = {isa = PBXBuildFile; fileRef = FA2C01692848F86400F09D9E /* Assets.xcassets */; };
		FA2C016D2848F86400F09D9E /* LaunchScreen.storyboard in Resources */ = {isa = PBXBuildFile; fileRef = FA2C016B2848F86400F09D9E /* LaunchScreen.storyboard */; };
/* End PBXBuildFile section */

/* Begin PBXFileReference section */
		310530492859CA6D00F84D3C /* ChapterCell.swift */ = {isa = PBXFileReference; lastKnownFileType = sourcecode.swift; path = ChapterCell.swift; sourceTree = "<group>"; };
		3105304A2859CA6D00F84D3C /* ChapterCell.xib */ = {isa = PBXFileReference; lastKnownFileType = file.xib; path = ChapterCell.xib; sourceTree = "<group>"; };
		311A2F1C2859C4F700EC53A1 /* T10-35_Story_Intro.swift */ = {isa = PBXFileReference; lastKnownFileType = sourcecode.swift; path = "T10-35_Story_Intro.swift"; sourceTree = "<group>"; };
		311A2F1E2859C51400EC53A1 /* T10-35_Story_Intro.storyboard */ = {isa = PBXFileReference; lastKnownFileType = file.storyboard; path = "T10-35_Story_Intro.storyboard"; sourceTree = "<group>"; };
		FA2C015A2848F86100F09D9E /* comittea.app */ = {isa = PBXFileReference; explicitFileType = wrapper.application; includeInIndex = 0; path = comittea.app; sourceTree = BUILT_PRODUCTS_DIR; };
		FA2C015D2848F86100F09D9E /* AppDelegate.swift */ = {isa = PBXFileReference; lastKnownFileType = sourcecode.swift; path = AppDelegate.swift; sourceTree = "<group>"; };
		FA2C015F2848F86100F09D9E /* SceneDelegate.swift */ = {isa = PBXFileReference; lastKnownFileType = sourcecode.swift; path = SceneDelegate.swift; sourceTree = "<group>"; };
		FA2C01612848F86100F09D9E /* ViewController.swift */ = {isa = PBXFileReference; lastKnownFileType = sourcecode.swift; path = ViewController.swift; sourceTree = "<group>"; };
		FA2C01642848F86100F09D9E /* Base */ = {isa = PBXFileReference; lastKnownFileType = file.storyboard; name = Base; path = Base.lproj/Main.storyboard; sourceTree = "<group>"; };
		FA2C01672848F86100F09D9E /* comittea.xcdatamodel */ = {isa = PBXFileReference; lastKnownFileType = wrapper.xcdatamodel; path = comittea.xcdatamodel; sourceTree = "<group>"; };
		FA2C01692848F86400F09D9E /* Assets.xcassets */ = {isa = PBXFileReference; lastKnownFileType = folder.assetcatalog; path = Assets.xcassets; sourceTree = "<group>"; };
		FA2C016C2848F86400F09D9E /* Base */ = {isa = PBXFileReference; lastKnownFileType = file.storyboard; name = Base; path = Base.lproj/LaunchScreen.storyboard; sourceTree = "<group>"; };
		FA2C016E2848F86400F09D9E /* Info.plist */ = {isa = PBXFileReference; lastKnownFileType = text.plist.xml; path = Info.plist; sourceTree = "<group>"; };
/* End PBXFileReference section */

/* Begin PBXFrameworksBuildPhase section */
		FA2C01572848F86100F09D9E /* Frameworks */ = {
			isa = PBXFrameworksBuildPhase;
			buildActionMask = 2147483647;
			files = (
			);
			runOnlyForDeploymentPostprocessing = 0;
		};
/* End PBXFrameworksBuildPhase section */

/* Begin PBXGroup section */
		316E422A285C178B00323D47 /* CustomComponent */ = {
			isa = PBXGroup;
			children = (
				316E422D285C180700323D47 /* ChapterCell */,
			);
			path = CustomComponent;
			sourceTree = "<group>";
		};
		316E422B285C17EA00323D47 /* ViewController */ = {
			isa = PBXGroup;
			children = (
				FA2C01612848F86100F09D9E /* ViewController.swift */,
				311A2F1C2859C4F700EC53A1 /* T10-35_Story_Intro.swift */,
			);
			path = ViewController;
			sourceTree = "<group>";
		};
		316E422C285C17FA00323D47 /* View */ = {
			isa = PBXGroup;
			children = (
				311A2F1E2859C51400EC53A1 /* T10-35_Story_Intro.storyboard */,
				FA2C016B2848F86400F09D9E /* LaunchScreen.storyboard */,
				FA2C01632848F86100F09D9E /* Main.storyboard */,
			);
			path = View;
			sourceTree = "<group>";
		};
		316E422D285C180700323D47 /* ChapterCell */ = {
			isa = PBXGroup;
			children = (
				310530492859CA6D00F84D3C /* ChapterCell.swift */,
				3105304A2859CA6D00F84D3C /* ChapterCell.xib */,
			);
			path = ChapterCell;
			sourceTree = "<group>";
		};
		FA2C01512848F86100F09D9E = {
			isa = PBXGroup;
			children = (
				FA2C015C2848F86100F09D9E /* comittea */,
				FA2C015B2848F86100F09D9E /* Products */,
			);
			sourceTree = "<group>";
		};
		FA2C015B2848F86100F09D9E /* Products */ = {
			isa = PBXGroup;
			children = (
				FA2C015A2848F86100F09D9E /* comittea.app */,
			);
			name = Products;
			sourceTree = "<group>";
		};
		FA2C015C2848F86100F09D9E /* comittea */ = {
			isa = PBXGroup;
			children = (
				316E422C285C17FA00323D47 /* View */,
				316E422B285C17EA00323D47 /* ViewController */,
				316E422A285C178B00323D47 /* CustomComponent */,
				FA2C015D2848F86100F09D9E /* AppDelegate.swift */,
				FA2C015F2848F86100F09D9E /* SceneDelegate.swift */,
				FA2C01692848F86400F09D9E /* Assets.xcassets */,
				FA2C016E2848F86400F09D9E /* Info.plist */,
				FA2C01662848F86100F09D9E /* comittea.xcdatamodeld */,
			);
			path = comittea;
			sourceTree = "<group>";
		};
/* End PBXGroup section */

/* Begin PBXNativeTarget section */
		FA2C01592848F86100F09D9E /* comittea */ = {
			isa = PBXNativeTarget;
			buildConfigurationList = FA2C01712848F86400F09D9E /* Build configuration list for PBXNativeTarget "comittea" */;
			buildPhases = (
				FA2C01562848F86100F09D9E /* Sources */,
				FA2C01572848F86100F09D9E /* Frameworks */,
				FA2C01582848F86100F09D9E /* Resources */,
			);
			buildRules = (
			);
			dependencies = (
			);
			name = comittea;
			productName = comittea;
			productReference = FA2C015A2848F86100F09D9E /* comittea.app */;
			productType = "com.apple.product-type.application";
		};
/* End PBXNativeTarget section */

/* Begin PBXProject section */
		FA2C01522848F86100F09D9E /* Project object */ = {
			isa = PBXProject;
			attributes = {
				BuildIndependentTargetsInParallel = 1;
				LastSwiftUpdateCheck = 1330;
				LastUpgradeCheck = 1330;
				TargetAttributes = {
					FA2C01592848F86100F09D9E = {
						CreatedOnToolsVersion = 13.3;
					};
				};
			};
			buildConfigurationList = FA2C01552848F86100F09D9E /* Build configuration list for PBXProject "comittea" */;
			compatibilityVersion = "Xcode 13.0";
			developmentRegion = en;
			hasScannedForEncodings = 0;
			knownRegions = (
				en,
				Base,
			);
			mainGroup = FA2C01512848F86100F09D9E;
			productRefGroup = FA2C015B2848F86100F09D9E /* Products */;
			projectDirPath = "";
			projectRoot = "";
			targets = (
				FA2C01592848F86100F09D9E /* comittea */,
			);
		};
/* End PBXProject section */

/* Begin PBXResourcesBuildPhase section */
		FA2C01582848F86100F09D9E /* Resources */ = {
			isa = PBXResourcesBuildPhase;
			buildActionMask = 2147483647;
			files = (
				FA2C016D2848F86400F09D9E /* LaunchScreen.storyboard in Resources */,
				311A2F1F2859C51400EC53A1 /* T10-35_Story_Intro.storyboard in Resources */,
				FA2C016A2848F86400F09D9E /* Assets.xcassets in Resources */,
				FA2C01652848F86100F09D9E /* Main.storyboard in Resources */,
				3105304C2859CA6D00F84D3C /* ChapterCell.xib in Resources */,
			);
			runOnlyForDeploymentPostprocessing = 0;
		};
/* End PBXResourcesBuildPhase section */

/* Begin PBXSourcesBuildPhase section */
		FA2C01562848F86100F09D9E /* Sources */ = {
			isa = PBXSourcesBuildPhase;
			buildActionMask = 2147483647;
			files = (
				FA2C01622848F86100F09D9E /* ViewController.swift in Sources */,
				FA2C015E2848F86100F09D9E /* AppDelegate.swift in Sources */,
				FA2C01602848F86100F09D9E /* SceneDelegate.swift in Sources */,
				3105304B2859CA6D00F84D3C /* ChapterCell.swift in Sources */,
				FA2C01682848F86100F09D9E /* comittea.xcdatamodeld in Sources */,
				311A2F1D2859C4F700EC53A1 /* T10-35_Story_Intro.swift in Sources */,
			);
			runOnlyForDeploymentPostprocessing = 0;
		};
/* End PBXSourcesBuildPhase section */

/* Begin PBXVariantGroup section */
		FA2C01632848F86100F09D9E /* Main.storyboard */ = {
			isa = PBXVariantGroup;
			children = (
				FA2C01642848F86100F09D9E /* Base */,
			);
			name = Main.storyboard;
			sourceTree = "<group>";
		};
		FA2C016B2848F86400F09D9E /* LaunchScreen.storyboard */ = {
			isa = PBXVariantGroup;
			children = (
				FA2C016C2848F86400F09D9E /* Base */,
			);
			name = LaunchScreen.storyboard;
			sourceTree = "<group>";
		};
/* End PBXVariantGroup section */

/* Begin XCBuildConfiguration section */
		FA2C016F2848F86400F09D9E /* Debug */ = {
			isa = XCBuildConfiguration;
			buildSettings = {
				ALWAYS_SEARCH_USER_PATHS = NO;
				CLANG_ANALYZER_NONNULL = YES;
				CLANG_ANALYZER_NUMBER_OBJECT_CONVERSION = YES_AGGRESSIVE;
				CLANG_CXX_LANGUAGE_STANDARD = "gnu++17";
				CLANG_ENABLE_MODULES = YES;
				CLANG_ENABLE_OBJC_ARC = YES;
				CLANG_ENABLE_OBJC_WEAK = YES;
				CLANG_WARN_BLOCK_CAPTURE_AUTORELEASING = YES;
				CLANG_WARN_BOOL_CONVERSION = YES;
				CLANG_WARN_COMMA = YES;
				CLANG_WARN_CONSTANT_CONVERSION = YES;
				CLANG_WARN_DEPRECATED_OBJC_IMPLEMENTATIONS = YES;
				CLANG_WARN_DIRECT_OBJC_ISA_USAGE = YES_ERROR;
				CLANG_WARN_DOCUMENTATION_COMMENTS = YES;
				CLANG_WARN_EMPTY_BODY = YES;
				CLANG_WARN_ENUM_CONVERSION = YES;
				CLANG_WARN_INFINITE_RECURSION = YES;
				CLANG_WARN_INT_CONVERSION = YES;
				CLANG_WARN_NON_LITERAL_NULL_CONVERSION = YES;
				CLANG_WARN_OBJC_IMPLICIT_RETAIN_SELF = YES;
				CLANG_WARN_OBJC_LITERAL_CONVERSION = YES;
				CLANG_WARN_OBJC_ROOT_CLASS = YES_ERROR;
				CLANG_WARN_QUOTED_INCLUDE_IN_FRAMEWORK_HEADER = YES;
				CLANG_WARN_RANGE_LOOP_ANALYSIS = YES;
				CLANG_WARN_STRICT_PROTOTYPES = YES;
				CLANG_WARN_SUSPICIOUS_MOVE = YES;
				CLANG_WARN_UNGUARDED_AVAILABILITY = YES_AGGRESSIVE;
				CLANG_WARN_UNREACHABLE_CODE = YES;
				CLANG_WARN__DUPLICATE_METHOD_MATCH = YES;
				COPY_PHASE_STRIP = NO;
				DEBUG_INFORMATION_FORMAT = dwarf;
				ENABLE_STRICT_OBJC_MSGSEND = YES;
				ENABLE_TESTABILITY = YES;
				GCC_C_LANGUAGE_STANDARD = gnu11;
				GCC_DYNAMIC_NO_PIC = NO;
				GCC_NO_COMMON_BLOCKS = YES;
				GCC_OPTIMIZATION_LEVEL = 0;
				GCC_PREPROCESSOR_DEFINITIONS = (
					"DEBUG=1",
					"$(inherited)",
				);
				GCC_WARN_64_TO_32_BIT_CONVERSION = YES;
				GCC_WARN_ABOUT_RETURN_TYPE = YES_ERROR;
				GCC_WARN_UNDECLARED_SELECTOR = YES;
				GCC_WARN_UNINITIALIZED_AUTOS = YES_AGGRESSIVE;
				GCC_WARN_UNUSED_FUNCTION = YES;
				GCC_WARN_UNUSED_VARIABLE = YES;
				IPHONEOS_DEPLOYMENT_TARGET = 15.4;
				MTL_ENABLE_DEBUG_INFO = INCLUDE_SOURCE;
				MTL_FAST_MATH = YES;
				ONLY_ACTIVE_ARCH = YES;
				SDKROOT = iphoneos;
				SWIFT_ACTIVE_COMPILATION_CONDITIONS = DEBUG;
				SWIFT_OPTIMIZATION_LEVEL = "-Onone";
			};
			name = Debug;
		};
		FA2C01702848F86400F09D9E /* Release */ = {
			isa = XCBuildConfiguration;
			buildSettings = {
				ALWAYS_SEARCH_USER_PATHS = NO;
				CLANG_ANALYZER_NONNULL = YES;
				CLANG_ANALYZER_NUMBER_OBJECT_CONVERSION = YES_AGGRESSIVE;
				CLANG_CXX_LANGUAGE_STANDARD = "gnu++17";
				CLANG_ENABLE_MODULES = YES;
				CLANG_ENABLE_OBJC_ARC = YES;
				CLANG_ENABLE_OBJC_WEAK = YES;
				CLANG_WARN_BLOCK_CAPTURE_AUTORELEASING = YES;
				CLANG_WARN_BOOL_CONVERSION = YES;
				CLANG_WARN_COMMA = YES;
				CLANG_WARN_CONSTANT_CONVERSION = YES;
				CLANG_WARN_DEPRECATED_OBJC_IMPLEMENTATIONS = YES;
				CLANG_WARN_DIRECT_OBJC_ISA_USAGE = YES_ERROR;
				CLANG_WARN_DOCUMENTATION_COMMENTS = YES;
				CLANG_WARN_EMPTY_BODY = YES;
				CLANG_WARN_ENUM_CONVERSION = YES;
				CLANG_WARN_INFINITE_RECURSION = YES;
				CLANG_WARN_INT_CONVERSION = YES;
				CLANG_WARN_NON_LITERAL_NULL_CONVERSION = YES;
				CLANG_WARN_OBJC_IMPLICIT_RETAIN_SELF = YES;
				CLANG_WARN_OBJC_LITERAL_CONVERSION = YES;
				CLANG_WARN_OBJC_ROOT_CLASS = YES_ERROR;
				CLANG_WARN_QUOTED_INCLUDE_IN_FRAMEWORK_HEADER = YES;
				CLANG_WARN_RANGE_LOOP_ANALYSIS = YES;
				CLANG_WARN_STRICT_PROTOTYPES = YES;
				CLANG_WARN_SUSPICIOUS_MOVE = YES;
				CLANG_WARN_UNGUARDED_AVAILABILITY = YES_AGGRESSIVE;
				CLANG_WARN_UNREACHABLE_CODE = YES;
				CLANG_WARN__DUPLICATE_METHOD_MATCH = YES;
				COPY_PHASE_STRIP = NO;
				DEBUG_INFORMATION_FORMAT = "dwarf-with-dsym";
				ENABLE_NS_ASSERTIONS = NO;
				ENABLE_STRICT_OBJC_MSGSEND = YES;
				GCC_C_LANGUAGE_STANDARD = gnu11;
				GCC_NO_COMMON_BLOCKS = YES;
				GCC_WARN_64_TO_32_BIT_CONVERSION = YES;
				GCC_WARN_ABOUT_RETURN_TYPE = YES_ERROR;
				GCC_WARN_UNDECLARED_SELECTOR = YES;
				GCC_WARN_UNINITIALIZED_AUTOS = YES_AGGRESSIVE;
				GCC_WARN_UNUSED_FUNCTION = YES;
				GCC_WARN_UNUSED_VARIABLE = YES;
				IPHONEOS_DEPLOYMENT_TARGET = 15.4;
				MTL_ENABLE_DEBUG_INFO = NO;
				MTL_FAST_MATH = YES;
				SDKROOT = iphoneos;
				SWIFT_COMPILATION_MODE = wholemodule;
				SWIFT_OPTIMIZATION_LEVEL = "-O";
				VALIDATE_PRODUCT = YES;
			};
			name = Release;
		};
		FA2C01722848F86400F09D9E /* Debug */ = {
			isa = XCBuildConfiguration;
			buildSettings = {
				ASSETCATALOG_COMPILER_APPICON_NAME = AppIcon;
				ASSETCATALOG_COMPILER_GLOBAL_ACCENT_COLOR_NAME = AccentColor;
				CODE_SIGN_STYLE = Automatic;
				CURRENT_PROJECT_VERSION = 1;
				DEVELOPMENT_TEAM = AZQ73MXTBD;
				GENERATE_INFOPLIST_FILE = YES;
				INFOPLIST_FILE = comittea/Info.plist;
				INFOPLIST_KEY_UIApplicationSupportsIndirectInputEvents = YES;
				INFOPLIST_KEY_UILaunchStoryboardName = LaunchScreen;
				INFOPLIST_KEY_UIMainStoryboardFile = Main;
				INFOPLIST_KEY_UISupportedInterfaceOrientations_iPad = "UIInterfaceOrientationPortrait UIInterfaceOrientationPortraitUpsideDown UIInterfaceOrientationLandscapeLeft UIInterfaceOrientationLandscapeRight";
				INFOPLIST_KEY_UISupportedInterfaceOrientations_iPhone = "UIInterfaceOrientationPortrait UIInterfaceOrientationLandscapeLeft UIInterfaceOrientationLandscapeRight";
				LD_RUNPATH_SEARCH_PATHS = (
					"$(inherited)",
					"@executable_path/Frameworks",
				);
				MARKETING_VERSION = 1.0;
				PRODUCT_BUNDLE_IDENTIFIER = com.balqishafiraini.comittea;
				PRODUCT_NAME = "$(TARGET_NAME)";
				SWIFT_EMIT_LOC_STRINGS = YES;
				SWIFT_VERSION = 5.0;
				TARGETED_DEVICE_FAMILY = "1,2";
			};
			name = Debug;
		};
		FA2C01732848F86400F09D9E /* Release */ = {
			isa = XCBuildConfiguration;
			buildSettings = {
				ASSETCATALOG_COMPILER_APPICON_NAME = AppIcon;
				ASSETCATALOG_COMPILER_GLOBAL_ACCENT_COLOR_NAME = AccentColor;
				CODE_SIGN_STYLE = Automatic;
				CURRENT_PROJECT_VERSION = 1;
				DEVELOPMENT_TEAM = AZQ73MXTBD;
				GENERATE_INFOPLIST_FILE = YES;
				INFOPLIST_FILE = comittea/Info.plist;
				INFOPLIST_KEY_UIApplicationSupportsIndirectInputEvents = YES;
				INFOPLIST_KEY_UILaunchStoryboardName = LaunchScreen;
				INFOPLIST_KEY_UIMainStoryboardFile = Main;
				INFOPLIST_KEY_UISupportedInterfaceOrientations_iPad = "UIInterfaceOrientationPortrait UIInterfaceOrientationPortraitUpsideDown UIInterfaceOrientationLandscapeLeft UIInterfaceOrientationLandscapeRight";
				INFOPLIST_KEY_UISupportedInterfaceOrientations_iPhone = "UIInterfaceOrientationPortrait UIInterfaceOrientationLandscapeLeft UIInterfaceOrientationLandscapeRight";
				LD_RUNPATH_SEARCH_PATHS = (
					"$(inherited)",
					"@executable_path/Frameworks",
				);
				MARKETING_VERSION = 1.0;
				PRODUCT_BUNDLE_IDENTIFIER = com.balqishafiraini.comittea;
				PRODUCT_NAME = "$(TARGET_NAME)";
				SWIFT_EMIT_LOC_STRINGS = YES;
				SWIFT_VERSION = 5.0;
				TARGETED_DEVICE_FAMILY = "1,2";
			};
			name = Release;
		};
/* End XCBuildConfiguration section */

/* Begin XCConfigurationList section */
		FA2C01552848F86100F09D9E /* Build configuration list for PBXProject "comittea" */ = {
			isa = XCConfigurationList;
			buildConfigurations = (
				FA2C016F2848F86400F09D9E /* Debug */,
				FA2C01702848F86400F09D9E /* Release */,
			);
			defaultConfigurationIsVisible = 0;
			defaultConfigurationName = Release;
		};
		FA2C01712848F86400F09D9E /* Build configuration list for PBXNativeTarget "comittea" */ = {
			isa = XCConfigurationList;
			buildConfigurations = (
				FA2C01722848F86400F09D9E /* Debug */,
				FA2C01732848F86400F09D9E /* Release */,
			);
			defaultConfigurationIsVisible = 0;
			defaultConfigurationName = Release;
		};
/* End XCConfigurationList section */

/* Begin XCVersionGroup section */
		FA2C01662848F86100F09D9E /* comittea.xcdatamodeld */ = {
			isa = XCVersionGroup;
			children = (
				FA2C01672848F86100F09D9E /* comittea.xcdatamodel */,
			);
			currentVersion = FA2C01672848F86100F09D9E /* comittea.xcdatamodel */;
			path = comittea.xcdatamodeld;
			sourceTree = "<group>";
			versionGroupType = wrapper.xcdatamodel;
		};
/* End XCVersionGroup section */
	};
	rootObject = FA2C01522848F86100F09D9E /* Project object */;
}
